
Microsoft Visual Studio Solution File, Format Version 12.00
# Visual Studio 15
VisualStudioVersion = 15.0.28307.271
MinimumVisualStudioVersion = 10.0.40219.1
Project("{9A19103F-16F7-4668-BE54-9A1E7A4F7556}") = "IO.Ably.DeltaCodec", "IO.Ably.DeltaCodec\IO.Ably.DeltaCodec.csproj", "{FDD665C4-DF7B-4A07-A281-C2E187D8E82C}"
EndProject
Project("{9A19103F-16F7-4668-BE54-9A1E7A4F7556}") = "IO.Ably.DeltaCodec.Test", "IO.Ably.DeltaCodec.Test\IO.Ably.DeltaCodec.Test.csproj", "{5E002924-8D30-40D5-833A-17BE32E6502B}"
EndProject
Project("{FAE04EC0-301F-11D3-BF4B-00C04F79EFBC}") = "IO.Ably.DeltaCodec.SampleApp", "IO.Ably.DeltaCodec.SampleApp\IO.Ably.DeltaCodec.SampleApp.csproj", "{D05CBAB2-CC0D-4CE1-AA75-C063EBF63D86}"
EndProject
Project("{2150E333-8FDC-42A3-9474-1A3956D46DE8}") = "Global", "Global", "{81AD9E1C-8C35-4C9B-86E7-0D02F795C318}"
ProjectSection(SolutionItems) = preProject
	README.md = README.md
EndProjectSection
EndProject
Global
	GlobalSection(SolutionConfigurationPlatforms) = preSolution
		Debug|Any CPU = Debug|Any CPU
		Release|Any CPU = Release|Any CPU
	EndGlobalSection
	GlobalSection(ProjectConfigurationPlatforms) = postSolution
		{FDD665C4-DF7B-4A07-A281-C2E187D8E82C}.Debug|Any CPU.ActiveCfg = Debug|Any CPU
		{FDD665C4-DF7B-4A07-A281-C2E187D8E82C}.Debug|Any CPU.Build.0 = Debug|Any CPU
		{FDD665C4-DF7B-4A07-A281-C2E187D8E82C}.Release|Any CPU.ActiveCfg = Release|Any CPU
		{FDD665C4-DF7B-4A07-A281-C2E187D8E82C}.Release|Any CPU.Build.0 = Release|Any CPU
		{5E002924-8D30-40D5-833A-17BE32E6502B}.Debug|Any CPU.ActiveCfg = Debug|Any CPU
		{5E002924-8D30-40D5-833A-17BE32E6502B}.Debug|Any CPU.Build.0 = Debug|Any CPU
		{5E002924-8D30-40D5-833A-17BE32E6502B}.Release|Any CPU.ActiveCfg = Release|Any CPU
		{5E002924-8D30-40D5-833A-17BE32E6502B}.Release|Any CPU.Build.0 = Release|Any CPU
		{D05CBAB2-CC0D-4CE1-AA75-C063EBF63D86}.Debug|Any CPU.ActiveCfg = Debug|Any CPU
		{D05CBAB2-CC0D-4CE1-AA75-C063EBF63D86}.Debug|Any CPU.Build.0 = Debug|Any CPU
		{D05CBAB2-CC0D-4CE1-AA75-C063EBF63D86}.Release|Any CPU.ActiveCfg = Release|Any CPU
		{D05CBAB2-CC0D-4CE1-AA75-C063EBF63D86}.Release|Any CPU.Build.0 = Release|Any CPU
	EndGlobalSection
	GlobalSection(SolutionProperties) = preSolution
		HideSolutionNode = FALSE
	EndGlobalSection
	GlobalSection(ExtensibilityGlobals) = postSolution
		SolutionGuid = {60F3FAA1-2476-407B-933A-A79960D581F1}
	EndGlobalSection
EndGlobal
